
Microsoft Visual Studio Solution File, Format Version 12.00
# Visual Studio Version 17
VisualStudioVersion = 17.1.32228.430
MinimumVisualStudioVersion = 10.0.40219.1
Project("{9A19103F-16F7-4668-BE54-9A1E7A4F7556}") = "YoutubeToMp3", "YoutubeToMp3\YoutubeToMp3.csproj", "{5AFEC528-2339-4EEA-86F2-93A1584E717F}"
EndProject
Project("{FAE04EC0-301F-11D3-BF4B-00C04F79EFBC}") = "YoutubeDownloadService", "YoutubeDownloadService\YoutubeDownloadService.csproj", "{D8D9F939-A21E-41DD-81EE-1CCD88FCA9EF}"
EndProject
Global
	GlobalSection(SolutionConfigurationPlatforms) = preSolution
		Debug|Any CPU = Debug|Any CPU
		Release|Any CPU = Release|Any CPU
	EndGlobalSection
	GlobalSection(ProjectConfigurationPlatforms) = postSolution
		{5AFEC528-2339-4EEA-86F2-93A1584E717F}.Debug|Any CPU.ActiveCfg = Debug|Any CPU
		{5AFEC528-2339-4EEA-86F2-93A1584E717F}.Debug|Any CPU.Build.0 = Debug|Any CPU
		{5AFEC528-2339-4EEA-86F2-93A1584E717F}.Release|Any CPU.ActiveCfg = Release|Any CPU
		{5AFEC528-2339-4EEA-86F2-93A1584E717F}.Release|Any CPU.Build.0 = Release|Any CPU
		{D8D9F939-A21E-41DD-81EE-1CCD88FCA9EF}.Debug|Any CPU.ActiveCfg = Debug|Any CPU
		{D8D9F939-A21E-41DD-81EE-1CCD88FCA9EF}.Debug|Any CPU.Build.0 = Debug|Any CPU
		{D8D9F939-A21E-41DD-81EE-1CCD88FCA9EF}.Release|Any CPU.ActiveCfg = Release|Any CPU
		{D8D9F939-A21E-41DD-81EE-1CCD88FCA9EF}.Release|Any CPU.Build.0 = Release|Any CPU
	EndGlobalSection
	GlobalSection(SolutionProperties) = preSolution
		HideSolutionNode = FALSE
	EndGlobalSection
	GlobalSection(ExtensibilityGlobals) = postSolution
		SolutionGuid = {A853B272-1B44-4B34-8289-98DEC34FE17E}
	EndGlobalSection
EndGlobal
